Microsoft Visual Studio Solution File, Format Version 12.00
# Visual Studio Version 17
VisualStudioVersion = 17.11.35222.181
MinimumVisualStudioVersion = 10.0.40219.1
Project("{FAE04EC0-301F-11D3-BF4B-00C04F79EFBC}") = "RuntimePatcher", "RuntimePatcher\RuntimePatcher.csproj", "{36067E2B-E667-4147-922D-3C20FB8327E7}"
EndProject
Project("{FAE04EC0-301F-11D3-BF4B-00C04F79EFBC}") = "DemoApplication", "DemoApplication\DemoApplication.csproj", "{EF5EBE57-2E37-3158-7691-10EB309243FE}"
EndProject
Global
	GlobalSection(SolutionConfigurationPlatforms) = preSolution
		Debug|Any CPU = Debug|Any CPU
		Release|Any CPU = Release|Any CPU
	EndGlobalSection
	GlobalSection(ProjectConfigurationPlatforms) = postSolution
		{36067E2B-E667-4147-922D-3C20FB8327E7}.Debug|Any CPU.ActiveCfg = Debug|Any CPU
		{36067E2B-E667-4147-922D-3C20FB8327E7}.Debug|Any CPU.Build.0 = Debug|Any CPU
		{36067E2B-E667-4147-922D-3C20FB8327E7}.Release|Any CPU.ActiveCfg = Release|Any CPU
		{36067E2B-E667-4147-922D-3C20FB8327E7}.Release|Any CPU.Build.0 = Release|Any CPU
		{EF5EBE57-2E37-3158-7691-10EB309243FE}.Debug|Any CPU.ActiveCfg = Debug|Any CPU
		{EF5EBE57-2E37-3158-7691-10EB309243FE}.Debug|Any CPU.Build.0 = Debug|Any CPU
		{EF5EBE57-2E37-3158-7691-10EB309243FE}.Release|Any CPU.ActiveCfg = Release|Any CPU
		{EF5EBE57-2E37-3158-7691-10EB309243FE}.Release|Any CPU.Build.0 = Release|Any CPU
	EndGlobalSection
	GlobalSection(SolutionProperties) = preSolution
		HideSolutionNode = FALSE
	EndGlobalSection
	GlobalSection(ExtensibilityGlobals) = postSolution
		SolutionGuid = {BF70B7B2-46B7-4831-9DBC-0CFFDE39916E}
	EndGlobalSection
EndGlobal
